// !$*UTF8*$!
{
	archiveVersion = 1;
	classes = {
	};
	objectVersion = 55;
	objects = {

/* Begin PBXBuildFile section */
		17E5AA3228343B5E00A1E0C1 /* AppDelegate.swift in Sources */ = {isa = PBXBuildFile; fileRef = 17E5AA3128343B5E00A1E0C1 /* AppDelegate.swift */; };
		17E5AA3628343B5E00A1E0C1 /* ContactListViewController.swift in Sources */ = {isa = PBXBuildFile; fileRef = 17E5AA3528343B5E00A1E0C1 /* ContactListViewController.swift */; };
		17E5AA3B28343B6000A1E0C1 /* Assets.xcassets in Resources */ = {isa = PBXBuildFile; fileRef = 17E5AA3A28343B6000A1E0C1 /* Assets.xcassets */; };
		17E5AA3E28343B6000A1E0C1 /* LaunchScreen.storyboard in Resources */ = {isa = PBXBuildFile; fileRef = 17E5AA3C28343B6000A1E0C1 /* LaunchScreen.storyboard */; };
		17F121B128356DDA00B388E3 /* Localizable.strings in Resources */ = {isa = PBXBuildFile; fileRef = 17F121B028356DDA00B388E3 /* Localizable.strings */; };
		17F121B428356EBB00B388E3 /* Local.swift in Sources */ = {isa = PBXBuildFile; fileRef = 17F121B328356EBB00B388E3 /* Local.swift */; };
		17F121B728356F7E00B388E3 /* Person.swift in Sources */ = {isa = PBXBuildFile; fileRef = 17F121B628356F7E00B388E3 /* Person.swift */; };
		17F121B928356FEA00B388E3 /* EducationPeriod.swift in Sources */ = {isa = PBXBuildFile; fileRef = 17F121B828356FEA00B388E3 /* EducationPeriod.swift */; };
		17F121BB2835702A00B388E3 /* Temperament.swift in Sources */ = {isa = PBXBuildFile; fileRef = 17F121BA2835702A00B388E3 /* Temperament.swift */; };
		17F121C02835868F00B388E3 /* GRDB in Frameworks */ = {isa = PBXBuildFile; productRef = 17F121BF2835868F00B388E3 /* GRDB */; };
/* End PBXBuildFile section */

/* Begin PBXFileReference section */
		17E5AA2E28343B5D00A1E0C1 /* Contacts.app */ = {isa = PBXFileReference; explicitFileType = wrapper.application; includeInIndex = 0; path = Contacts.app; sourceTree = BUILT_PRODUCTS_DIR; };
		17E5AA3128343B5E00A1E0C1 /* AppDelegate.swift */ = {isa = PBXFileReference; lastKnownFileType = sourcecode.swift; path = AppDelegate.swift; sourceTree = "<group>"; };
		17E5AA3528343B5E00A1E0C1 /* ContactListViewController.swift */ = {isa = PBXFileReference; lastKnownFileType = sourcecode.swift; path = ContactListViewController.swift; sourceTree = "<group>"; };
		17E5AA3A28343B6000A1E0C1 /* Assets.xcassets */ = {isa = PBXFileReference; lastKnownFileType = folder.assetcatalog; path = Assets.xcassets; sourceTree = "<group>"; };
		17E5AA3D28343B6000A1E0C1 /* Base */ = {isa = PBXFileReference; lastKnownFileType = file.storyboard; name = Base; path = Base.lproj/LaunchScreen.storyboard; sourceTree = "<group>"; };
		17E5AA3F28343B6000A1E0C1 /* Info.plist */ = {isa = PBXFileReference; lastKnownFileType = text.plist.xml; path = Info.plist; sourceTree = "<group>"; };
		17F121B028356DDA00B388E3 /* Localizable.strings */ = {isa = PBXFileReference; lastKnownFileType = text.plist.strings; path = Localizable.strings; sourceTree = "<group>"; };
		17F121B328356EBB00B388E3 /* Local.swift */ = {isa = PBXFileReference; lastKnownFileType = sourcecode.swift; path = Local.swift; sourceTree = "<group>"; };
		17F121B628356F7E00B388E3 /* Person.swift */ = {isa = PBXFileReference; lastKnownFileType = sourcecode.swift; path = Person.swift; sourceTree = "<group>"; };
		17F121B828356FEA00B388E3 /* EducationPeriod.swift */ = {isa = PBXFileReference; lastKnownFileType = sourcecode.swift; path = EducationPeriod.swift; sourceTree = "<group>"; };
		17F121BA2835702A00B388E3 /* Temperament.swift */ = {isa = PBXFileReference; lastKnownFileType = sourcecode.swift; path = Temperament.swift; sourceTree = "<group>"; };
/* End PBXFileReference section */

/* Begin PBXFrameworksBuildPhase section */
		17E5AA2B28343B5D00A1E0C1 /* Frameworks */ = {
			isa = PBXFrameworksBuildPhase;
			buildActionMask = 2147483647;
			files = (
				17F121C02835868F00B388E3 /* GRDB in Frameworks */,
			);
			runOnlyForDeploymentPostprocessing = 0;
		};
/* End PBXFrameworksBuildPhase section */

/* Begin PBXGroup section */
		17E5AA2528343B5D00A1E0C1 = {
			isa = PBXGroup;
			children = (
				17E5AA3028343B5D00A1E0C1 /* Contacts */,
				17E5AA2F28343B5D00A1E0C1 /* Products */,
			);
			sourceTree = "<group>";
		};
		17E5AA2F28343B5D00A1E0C1 /* Products */ = {
			isa = PBXGroup;
			children = (
				17E5AA2E28343B5D00A1E0C1 /* Contacts.app */,
			);
			name = Products;
			sourceTree = "<group>";
		};
		17E5AA3028343B5D00A1E0C1 /* Contacts */ = {
			isa = PBXGroup;
			children = (
				17F121B528356F5400B388E3 /* Models */,
				17F121AF28356DBB00B388E3 /* Resources */,
				17F121AC28356D4E00B388E3 /* Screens */,
				17E5AA3128343B5E00A1E0C1 /* AppDelegate.swift */,
				17E5AA3A28343B6000A1E0C1 /* Assets.xcassets */,
				17E5AA3C28343B6000A1E0C1 /* LaunchScreen.storyboard */,
				17E5AA3F28343B6000A1E0C1 /* Info.plist */,
			);
			path = Contacts;
			sourceTree = "<group>";
		};
		17F121AC28356D4E00B388E3 /* Screens */ = {
			isa = PBXGroup;
			children = (
				17F121B228356EAD00B388E3 /* Utils */,
				17F121AE28356D6B00B388E3 /* ContactInfo */,
				17F121AD28356D5400B388E3 /* ContactList */,
			);
			path = Screens;
			sourceTree = "<group>";
		};
		17F121AD28356D5400B388E3 /* ContactList */ = {
			isa = PBXGroup;
			children = (
				17E5AA3528343B5E00A1E0C1 /* ContactListViewController.swift */,
			);
			path = ContactList;
			sourceTree = "<group>";
		};
		17F121AE28356D6B00B388E3 /* ContactInfo */ = {
			isa = PBXGroup;
			children = (
			);
			path = ContactInfo;
			sourceTree = "<group>";
		};
		17F121AF28356DBB00B388E3 /* Resources */ = {
			isa = PBXGroup;
			children = (
				17F121B028356DDA00B388E3 /* Localizable.strings */,
			);
			path = Resources;
			sourceTree = "<group>";
		};
		17F121B228356EAD00B388E3 /* Utils */ = {
			isa = PBXGroup;
			children = (
				17F121B328356EBB00B388E3 /* Local.swift */,
			);
			path = Utils;
			sourceTree = "<group>";
		};
		17F121B528356F5400B388E3 /* Models */ = {
			isa = PBXGroup;
			children = (
				17F121B628356F7E00B388E3 /* Person.swift */,
				17F121B828356FEA00B388E3 /* EducationPeriod.swift */,
				17F121BA2835702A00B388E3 /* Temperament.swift */,
			);
			path = Models;
			sourceTree = "<group>";
		};
/* End PBXGroup section */

/* Begin PBXNativeTarget section */
		17E5AA2D28343B5D00A1E0C1 /* Contacts */ = {
			isa = PBXNativeTarget;
			buildConfigurationList = 17E5AA4228343B6000A1E0C1 /* Build configuration list for PBXNativeTarget "Contacts" */;
			buildPhases = (
				17E5AA2A28343B5D00A1E0C1 /* Sources */,
				17E5AA2B28343B5D00A1E0C1 /* Frameworks */,
				17E5AA2C28343B5D00A1E0C1 /* Resources */,
			);
			buildRules = (
			);
			dependencies = (
			);
			name = Contacts;
			packageProductDependencies = (
				17F121BF2835868F00B388E3 /* GRDB */,
			);
			productName = Contacts;
			productReference = 17E5AA2E28343B5D00A1E0C1 /* Contacts.app */;
			productType = "com.apple.product-type.application";
		};
/* End PBXNativeTarget section */

/* Begin PBXProject section */
		17E5AA2628343B5D00A1E0C1 /* Project object */ = {
			isa = PBXProject;
			attributes = {
				BuildIndependentTargetsInParallel = 1;
				LastSwiftUpdateCheck = 1320;
				LastUpgradeCheck = 1320;
				TargetAttributes = {
					17E5AA2D28343B5D00A1E0C1 = {
						CreatedOnToolsVersion = 13.2;
					};
				};
			};
			buildConfigurationList = 17E5AA2928343B5D00A1E0C1 /* Build configuration list for PBXProject "Contacts" */;
			compatibilityVersion = "Xcode 13.0";
			developmentRegion = en;
			hasScannedForEncodings = 0;
			knownRegions = (
				en,
				Base,
			);
			mainGroup = 17E5AA2528343B5D00A1E0C1;
			packageReferences = (
				17F121BE2835868F00B388E3 /* XCRemoteSwiftPackageReference "GRDB.swift" */,
			);
			productRefGroup = 17E5AA2F28343B5D00A1E0C1 /* Products */;
			projectDirPath = "";
			projectRoot = "";
			targets = (
				17E5AA2D28343B5D00A1E0C1 /* Contacts */,
			);
		};
/* End PBXProject section */

/* Begin PBXResourcesBuildPhase section */
		17E5AA2C28343B5D00A1E0C1 /* Resources */ = {
			isa = PBXResourcesBuildPhase;
			buildActionMask = 2147483647;
			files = (
				17E5AA3E28343B6000A1E0C1 /* LaunchScreen.storyboard in Resources */,
				17E5AA3B28343B6000A1E0C1 /* Assets.xcassets in Resources */,
				17F121B128356DDA00B388E3 /* Localizable.strings in Resources */,
			);
			runOnlyForDeploymentPostprocessing = 0;
		};
/* End PBXResourcesBuildPhase section */

/* Begin PBXSourcesBuildPhase section */
		17E5AA2A28343B5D00A1E0C1 /* Sources */ = {
			isa = PBXSourcesBuildPhase;
			buildActionMask = 2147483647;
			files = (
				17F121B428356EBB00B388E3 /* Local.swift in Sources */,
				17E5AA3628343B5E00A1E0C1 /* ContactListViewController.swift in Sources */,
				17F121B928356FEA00B388E3 /* EducationPeriod.swift in Sources */,
				17F121B728356F7E00B388E3 /* Person.swift in Sources */,
				17F121BB2835702A00B388E3 /* Temperament.swift in Sources */,
				17E5AA3228343B5E00A1E0C1 /* AppDelegate.swift in Sources */,
			);
			runOnlyForDeploymentPostprocessing = 0;
		};
/* End PBXSourcesBuildPhase section */

/* Begin PBXVariantGroup section */
		17E5AA3C28343B6000A1E0C1 /* LaunchScreen.storyboard */ = {
			isa = PBXVariantGroup;
			children = (
				17E5AA3D28343B6000A1E0C1 /* Base */,
			);
			name = LaunchScreen.storyboard;
			sourceTree = "<group>";
		};
/* End PBXVariantGroup section */

/* Begin XCBuildConfiguration section */
		17E5AA4028343B6000A1E0C1 /* Debug */ = {
			isa = XCBuildConfiguration;
			buildSettings = {
				ALWAYS_SEARCH_USER_PATHS = NO;
				CLANG_ANALYZER_NONNULL = YES;
				CLANG_ANALYZER_NUMBER_OBJECT_CONVERSION = YES_AGGRESSIVE;
				CLANG_CXX_LANGUAGE_STANDARD = "gnu++17";
				CLANG_CXX_LIBRARY = "libc++";
				CLANG_ENABLE_MODULES = YES;
				CLANG_ENABLE_OBJC_ARC = YES;
				CLANG_ENABLE_OBJC_WEAK = YES;
				CLANG_WARN_BLOCK_CAPTURE_AUTORELEASING = YES;
				CLANG_WARN_BOOL_CONVERSION = YES;
				CLANG_WARN_COMMA = YES;
				CLANG_WARN_CONSTANT_CONVERSION = YES;
				CLANG_WARN_DEPRECATED_OBJC_IMPLEMENTATIONS = YES;
				CLANG_WARN_DIRECT_OBJC_ISA_USAGE = YES_ERROR;
				CLANG_WARN_DOCUMENTATION_COMMENTS = YES;
				CLANG_WARN_EMPTY_BODY = YES;
				CLANG_WARN_ENUM_CONVERSION = YES;
				CLANG_WARN_INFINITE_RECURSION = YES;
				CLANG_WARN_INT_CONVERSION = YES;
				CLANG_WARN_NON_LITERAL_NULL_CONVERSION = YES;
				CLANG_WARN_OBJC_IMPLICIT_RETAIN_SELF = YES;
				CLANG_WARN_OBJC_LITERAL_CONVERSION = YES;
				CLANG_WARN_OBJC_ROOT_CLASS = YES_ERROR;
				CLANG_WARN_QUOTED_INCLUDE_IN_FRAMEWORK_HEADER = YES;
				CLANG_WARN_RANGE_LOOP_ANALYSIS = YES;
				CLANG_WARN_STRICT_PROTOTYPES = YES;
				CLANG_WARN_SUSPICIOUS_MOVE = YES;
				CLANG_WARN_UNGUARDED_AVAILABILITY = YES_AGGRESSIVE;
				CLANG_WARN_UNREACHABLE_CODE = YES;
				CLANG_WARN__DUPLICATE_METHOD_MATCH = YES;
				COPY_PHASE_STRIP = NO;
				DEBUG_INFORMATION_FORMAT = dwarf;
				ENABLE_STRICT_OBJC_MSGSEND = YES;
				ENABLE_TESTABILITY = YES;
				GCC_C_LANGUAGE_STANDARD = gnu11;
				GCC_DYNAMIC_NO_PIC = NO;
				GCC_NO_COMMON_BLOCKS = YES;
				GCC_OPTIMIZATION_LEVEL = 0;
				GCC_PREPROCESSOR_DEFINITIONS = (
					"DEBUG=1",
					"$(inherited)",
				);
				GCC_WARN_64_TO_32_BIT_CONVERSION = YES;
				GCC_WARN_ABOUT_RETURN_TYPE = YES_ERROR;
				GCC_WARN_UNDECLARED_SELECTOR = YES;
				GCC_WARN_UNINITIALIZED_AUTOS = YES_AGGRESSIVE;
				GCC_WARN_UNUSED_FUNCTION = YES;
				GCC_WARN_UNUSED_VARIABLE = YES;
				IPHONEOS_DEPLOYMENT_TARGET = 15.2;
				MTL_ENABLE_DEBUG_INFO = INCLUDE_SOURCE;
				MTL_FAST_MATH = YES;
				ONLY_ACTIVE_ARCH = YES;
				SDKROOT = iphoneos;
				SWIFT_ACTIVE_COMPILATION_CONDITIONS = DEBUG;
				SWIFT_OPTIMIZATION_LEVEL = "-Onone";
			};
			name = Debug;
		};
		17E5AA4128343B6000A1E0C1 /* Release */ = {
			isa = XCBuildConfiguration;
			buildSettings = {
				ALWAYS_SEARCH_USER_PATHS = NO;
				CLANG_ANALYZER_NONNULL = YES;
				CLANG_ANALYZER_NUMBER_OBJECT_CONVERSION = YES_AGGRESSIVE;
				CLANG_CXX_LANGUAGE_STANDARD = "gnu++17";
				CLANG_CXX_LIBRARY = "libc++";
				CLANG_ENABLE_MODULES = YES;
				CLANG_ENABLE_OBJC_ARC = YES;
				CLANG_ENABLE_OBJC_WEAK = YES;
				CLANG_WARN_BLOCK_CAPTURE_AUTORELEASING = YES;
				CLANG_WARN_BOOL_CONVERSION = YES;
				CLANG_WARN_COMMA = YES;
				CLANG_WARN_CONSTANT_CONVERSION = YES;
				CLANG_WARN_DEPRECATED_OBJC_IMPLEMENTATIONS = YES;
				CLANG_WARN_DIRECT_OBJC_ISA_USAGE = YES_ERROR;
				CLANG_WARN_DOCUMENTATION_COMMENTS = YES;
				CLANG_WARN_EMPTY_BODY = YES;
				CLANG_WARN_ENUM_CONVERSION = YES;
				CLANG_WARN_INFINITE_RECURSION = YES;
				CLANG_WARN_INT_CONVERSION = YES;
				CLANG_WARN_NON_LITERAL_NULL_CONVERSION = YES;
				CLANG_WARN_OBJC_IMPLICIT_RETAIN_SELF = YES;
				CLANG_WARN_OBJC_LITERAL_CONVERSION = YES;
				CLANG_WARN_OBJC_ROOT_CLASS = YES_ERROR;
				CLANG_WARN_QUOTED_INCLUDE_IN_FRAMEWORK_HEADER = YES;
				CLANG_WARN_RANGE_LOOP_ANALYSIS = YES;
				CLANG_WARN_STRICT_PROTOTYPES = YES;
				CLANG_WARN_SUSPICIOUS_MOVE = YES;
				CLANG_WARN_UNGUARDED_AVAILABILITY = YES_AGGRESSIVE;
				CLANG_WARN_UNREACHABLE_CODE = YES;
				CLANG_WARN__DUPLICATE_METHOD_MATCH = YES;
				COPY_PHASE_STRIP = NO;
				DEBUG_INFORMATION_FORMAT = "dwarf-with-dsym";
				ENABLE_NS_ASSERTIONS = NO;
				ENABLE_STRICT_OBJC_MSGSEND = YES;
				GCC_C_LANGUAGE_STANDARD = gnu11;
				GCC_NO_COMMON_BLOCKS = YES;
				GCC_WARN_64_TO_32_BIT_CONVERSION = YES;
				GCC_WARN_ABOUT_RETURN_TYPE = YES_ERROR;
				GCC_WARN_UNDECLARED_SELECTOR = YES;
				GCC_WARN_UNINITIALIZED_AUTOS = YES_AGGRESSIVE;
				GCC_WARN_UNUSED_FUNCTION = YES;
				GCC_WARN_UNUSED_VARIABLE = YES;
				IPHONEOS_DEPLOYMENT_TARGET = 15.2;
				MTL_ENABLE_DEBUG_INFO = NO;
				MTL_FAST_MATH = YES;
				SDKROOT = iphoneos;
				SWIFT_COMPILATION_MODE = wholemodule;
				SWIFT_OPTIMIZATION_LEVEL = "-O";
				VALIDATE_PRODUCT = YES;
			};
			name = Release;
		};
		17E5AA4328343B6000A1E0C1 /* Debug */ = {
			isa = XCBuildConfiguration;
			buildSettings = {
				ASSETCATALOG_COMPILER_APPICON_NAME = AppIcon;
				ASSETCATALOG_COMPILER_GLOBAL_ACCENT_COLOR_NAME = AccentColor;
				CODE_SIGN_STYLE = Automatic;
				CURRENT_PROJECT_VERSION = 1;
				DEVELOPMENT_TEAM = JY3F3FT8TC;
				GENERATE_INFOPLIST_FILE = YES;
				INFOPLIST_FILE = Contacts/Info.plist;
				INFOPLIST_KEY_UIApplicationSupportsIndirectInputEvents = YES;
				INFOPLIST_KEY_UILaunchStoryboardName = LaunchScreen;
				INFOPLIST_KEY_UISupportedInterfaceOrientations_iPad = "UIInterfaceOrientationPortrait UIInterfaceOrientationPortraitUpsideDown UIInterfaceOrientationLandscapeLeft UIInterfaceOrientationLandscapeRight";
				INFOPLIST_KEY_UISupportedInterfaceOrientations_iPhone = "UIInterfaceOrientationPortrait UIInterfaceOrientationLandscapeLeft UIInterfaceOrientationLandscapeRight";
				IPHONEOS_DEPLOYMENT_TARGET = 11.0;
				LD_RUNPATH_SEARCH_PATHS = (
					"$(inherited)",
					"@executable_path/Frameworks",
				);
				MARKETING_VERSION = 1.0;
				PRODUCT_BUNDLE_IDENTIFIER = TT.Contacts;
				PRODUCT_NAME = "$(TARGET_NAME)";
				SWIFT_EMIT_LOC_STRINGS = YES;
				SWIFT_VERSION = 5.0;
				TARGETED_DEVICE_FAMILY = "1,2";
			};
			name = Debug;
		};
		17E5AA4428343B6000A1E0C1 /* Release */ = {
			isa = XCBuildConfiguration;
			buildSettings = {
				ASSETCATALOG_COMPILER_APPICON_NAME = AppIcon;
				ASSETCATALOG_COMPILER_GLOBAL_ACCENT_COLOR_NAME = AccentColor;
				CODE_SIGN_STYLE = Automatic;
				CURRENT_PROJECT_VERSION = 1;
				DEVELOPMENT_TEAM = JY3F3FT8TC;
				GENERATE_INFOPLIST_FILE = YES;
				INFOPLIST_FILE = Contacts/Info.plist;
				INFOPLIST_KEY_UIApplicationSupportsIndirectInputEvents = YES;
				INFOPLIST_KEY_UILaunchStoryboardName = LaunchScreen;
				INFOPLIST_KEY_UISupportedInterfaceOrientations_iPad = "UIInterfaceOrientationPortrait UIInterfaceOrientationPortraitUpsideDown UIInterfaceOrientationLandscapeLeft UIInterfaceOrientationLandscapeRight";
				INFOPLIST_KEY_UISupportedInterfaceOrientations_iPhone = "UIInterfaceOrientationPortrait UIInterfaceOrientationLandscapeLeft UIInterfaceOrientationLandscapeRight";
				IPHONEOS_DEPLOYMENT_TARGET = 11.0;
				LD_RUNPATH_SEARCH_PATHS = (
					"$(inherited)",
					"@executable_path/Frameworks",
				);
				MARKETING_VERSION = 1.0;
				PRODUCT_BUNDLE_IDENTIFIER = TT.Contacts;
				PRODUCT_NAME = "$(TARGET_NAME)";
				SWIFT_EMIT_LOC_STRINGS = YES;
				SWIFT_VERSION = 5.0;
				TARGETED_DEVICE_FAMILY = "1,2";
			};
			name = Release;
		};
/* End XCBuildConfiguration section */

/* Begin XCConfigurationList section */
		17E5AA2928343B5D00A1E0C1 /* Build configuration list for PBXProject "Contacts" */ = {
			isa = XCConfigurationList;
			buildConfigurations = (
				17E5AA4028343B6000A1E0C1 /* Debug */,
				17E5AA4128343B6000A1E0C1 /* Release */,
			);
			defaultConfigurationIsVisible = 0;
			defaultConfigurationName = Release;
		};
		17E5AA4228343B6000A1E0C1 /* Build configuration list for PBXNativeTarget "Contacts" */ = {
			isa = XCConfigurationList;
			buildConfigurations = (
				17E5AA4328343B6000A1E0C1 /* Debug */,
				17E5AA4428343B6000A1E0C1 /* Release */,
			);
			defaultConfigurationIsVisible = 0;
			defaultConfigurationName = Release;
		};
/* End XCConfigurationList section */

/* Begin XCRemoteSwiftPackageReference section */
		17F121BE2835868F00B388E3 /* XCRemoteSwiftPackageReference "GRDB.swift" */ = {
			isa = XCRemoteSwiftPackageReference;
			repositoryURL = "https://github.com/groue/GRDB.swift.git";
			requirement = {
				branch = master;
				kind = branch;
			};
		};
/* End XCRemoteSwiftPackageReference section */

/* Begin XCSwiftPackageProductDependency section */
		17F121BF2835868F00B388E3 /* GRDB */ = {
			isa = XCSwiftPackageProductDependency;
			package = 17F121BE2835868F00B388E3 /* XCRemoteSwiftPackageReference "GRDB.swift" */;
			productName = GRDB;
		};
/* End XCSwiftPackageProductDependency section */
	};
	rootObject = 17E5AA2628343B5D00A1E0C1 /* Project object */;
}
