{
  "object": {
    "pins": [
      {
        "package": "GRDB",
        "repositoryURL": "https://github.com/groue/GRDB.swift.git",
        "state": {
          "branch": "master",
          "revision": "fead2ea634c1bf7dd81a3e02f796154992165ffd",
          "version": null
        }
      }
    ]
  },
  "version": 1
}
